
Microsoft Visual Studio Solution File, Format Version 12.00
# Visual Studio Version 16
VisualStudioVersion = 16.0.30028.174
MinimumVisualStudioVersion = 10.0.40219.1
Project("{FAE04EC0-301F-11D3-BF4B-00C04F79EFBC}") = "Kalibrate.DTM.Load.Function", "Kalibrate.DTM.Load.Function\Kalibrate.DTM.Load.Function.csproj", "{A99C69CE-AA3B-4927-9D11-6DC8E9746B6A}"
EndProject
Global
	GlobalSection(SolutionConfigurationPlatforms) = preSolution
		Debug|Any CPU = Debug|Any CPU
		Release|Any CPU = Release|Any CPU
	EndGlobalSection
	GlobalSection(ProjectConfigurationPlatforms) = postSolution
		{A99C69CE-AA3B-4927-9D11-6DC8E9746B6A}.Debug|Any CPU.ActiveCfg = Debug|Any CPU
		{A99C69CE-AA3B-4927-9D11-6DC8E9746B6A}.Debug|Any CPU.Build.0 = Debug|Any CPU
		{A99C69CE-AA3B-4927-9D11-6DC8E9746B6A}.Release|Any CPU.ActiveCfg = Release|Any CPU
		{A99C69CE-AA3B-4927-9D11-6DC8E9746B6A}.Release|Any CPU.Build.0 = Release|Any CPU
	EndGlobalSection
	GlobalSection(SolutionProperties) = preSolution
		HideSolutionNode = FALSE
	EndGlobalSection
	GlobalSection(ExtensibilityGlobals) = postSolution
		SolutionGuid = {58BCB965-7CA5-4E83-A60F-7200E72DBC4F}
	EndGlobalSection
EndGlobal
